// !$*UTF8*$!
{
	archiveVersion = 1;
	classes = {
	};
	objectVersion = 56;
	objects = {

/* Begin PBXBuildFile section */
		9F7011032BA5FC1A0082A606 /* TableViewCell.swift in Sources */ = {isa = PBXBuildFile; fileRef = 9F7011012BA5FC1A0082A606 /* TableViewCell.swift */; };
		9F7011042BA5FC1A0082A606 /* TableViewCell.xib in Resources */ = {isa = PBXBuildFile; fileRef = 9F7011022BA5FC1A0082A606 /* TableViewCell.xib */; };
		9F7011072BA600760082A606 /* Extensions.swift in Sources */ = {isa = PBXBuildFile; fileRef = 9F7011062BA600760082A606 /* Extensions.swift */; };
		9F7011092BA606120082A606 /* HomeViewModel.swift in Sources */ = {isa = PBXBuildFile; fileRef = 9F7011082BA606120082A606 /* HomeViewModel.swift */; };
		9F78AD7E2BA70053008CDDF3 /* DeatilViewController.swift in Sources */ = {isa = PBXBuildFile; fileRef = 9F78AD7C2BA70053008CDDF3 /* DeatilViewController.swift */; };
		9F78AD7F2BA70053008CDDF3 /* DeatilViewController.xib in Resources */ = {isa = PBXBuildFile; fileRef = 9F78AD7D2BA70053008CDDF3 /* DeatilViewController.xib */; };
		9F78AD882BA754F4008CDDF3 /* home.png in Resources */ = {isa = PBXBuildFile; fileRef = 9F78AD862BA754F4008CDDF3 /* home.png */; };
		9F78AD892BA754F4008CDDF3 /* detail.png in Resources */ = {isa = PBXBuildFile; fileRef = 9F78AD872BA754F4008CDDF3 /* detail.png */; };
		9F846C8C2BA4F0BC00992686 /* AppDelegate.swift in Sources */ = {isa = PBXBuildFile; fileRef = 9F846C8B2BA4F0BC00992686 /* AppDelegate.swift */; };
		9F846C8E2BA4F0BC00992686 /* SceneDelegate.swift in Sources */ = {isa = PBXBuildFile; fileRef = 9F846C8D2BA4F0BC00992686 /* SceneDelegate.swift */; };
		9F846C952BA4F0BF00992686 /* Assets.xcassets in Resources */ = {isa = PBXBuildFile; fileRef = 9F846C942BA4F0BF00992686 /* Assets.xcassets */; };
		9F846C982BA4F0BF00992686 /* LaunchScreen.storyboard in Resources */ = {isa = PBXBuildFile; fileRef = 9F846C962BA4F0BF00992686 /* LaunchScreen.storyboard */; };
		9F846CA42BA4F1FD00992686 /* HomeViewController.swift in Sources */ = {isa = PBXBuildFile; fileRef = 9F846CA22BA4F1FD00992686 /* HomeViewController.swift */; };
		9F846CA52BA4F1FD00992686 /* HomeViewController.xib in Resources */ = {isa = PBXBuildFile; fileRef = 9F846CA32BA4F1FD00992686 /* HomeViewController.xib */; };
		9F846CA72BA4FC2700992686 /* Model.swift in Sources */ = {isa = PBXBuildFile; fileRef = 9F846CA62BA4FC2700992686 /* Model.swift */; };
		9F846CA92BA501F000992686 /* NetworkLayer.swift in Sources */ = {isa = PBXBuildFile; fileRef = 9F846CA82BA501EF00992686 /* NetworkLayer.swift */; };
/* End PBXBuildFile section */

/* Begin PBXFileReference section */
		9F7011012BA5FC1A0082A606 /* TableViewCell.swift */ = {isa = PBXFileReference; lastKnownFileType = sourcecode.swift; path = TableViewCell.swift; sourceTree = "<group>"; };
		9F7011022BA5FC1A0082A606 /* TableViewCell.xib */ = {isa = PBXFileReference; lastKnownFileType = file.xib; path = TableViewCell.xib; sourceTree = "<group>"; };
		9F7011062BA600760082A606 /* Extensions.swift */ = {isa = PBXFileReference; lastKnownFileType = sourcecode.swift; path = Extensions.swift; sourceTree = "<group>"; };
		9F7011082BA606120082A606 /* HomeViewModel.swift */ = {isa = PBXFileReference; lastKnownFileType = sourcecode.swift; path = HomeViewModel.swift; sourceTree = "<group>"; };
		9F78AD7C2BA70053008CDDF3 /* DeatilViewController.swift */ = {isa = PBXFileReference; lastKnownFileType = sourcecode.swift; path = DeatilViewController.swift; sourceTree = "<group>"; };
		9F78AD7D2BA70053008CDDF3 /* DeatilViewController.xib */ = {isa = PBXFileReference; lastKnownFileType = file.xib; path = DeatilViewController.xib; sourceTree = "<group>"; };
		9F78AD862BA754F4008CDDF3 /* home.png */ = {isa = PBXFileReference; lastKnownFileType = image.png; path = home.png; sourceTree = "<group>"; };
		9F78AD872BA754F4008CDDF3 /* detail.png */ = {isa = PBXFileReference; lastKnownFileType = image.png; path = detail.png; sourceTree = "<group>"; };
		9F846C882BA4F0BC00992686 /* MovieDB_2.app */ = {isa = PBXFileReference; explicitFileType = wrapper.application; includeInIndex = 0; path = MovieDB_2.app; sourceTree = BUILT_PRODUCTS_DIR; };
		9F846C8B2BA4F0BC00992686 /* AppDelegate.swift */ = {isa = PBXFileReference; lastKnownFileType = sourcecode.swift; path = AppDelegate.swift; sourceTree = "<group>"; };
		9F846C8D2BA4F0BC00992686 /* SceneDelegate.swift */ = {isa = PBXFileReference; lastKnownFileType = sourcecode.swift; path = SceneDelegate.swift; sourceTree = "<group>"; };
		9F846C942BA4F0BF00992686 /* Assets.xcassets */ = {isa = PBXFileReference; lastKnownFileType = folder.assetcatalog; path = Assets.xcassets; sourceTree = "<group>"; };
		9F846C972BA4F0BF00992686 /* Base */ = {isa = PBXFileReference; lastKnownFileType = file.storyboard; name = Base; path = Base.lproj/LaunchScreen.storyboard; sourceTree = "<group>"; };
		9F846C992BA4F0BF00992686 /* Info.plist */ = {isa = PBXFileReference; lastKnownFileType = text.plist.xml; path = Info.plist; sourceTree = "<group>"; };
		9F846CA22BA4F1FD00992686 /* HomeViewController.swift */ = {isa = PBXFileReference; lastKnownFileType = sourcecode.swift; path = HomeViewController.swift; sourceTree = "<group>"; };
		9F846CA32BA4F1FD00992686 /* HomeViewController.xib */ = {isa = PBXFileReference; lastKnownFileType = file.xib; path = HomeViewController.xib; sourceTree = "<group>"; };
		9F846CA62BA4FC2700992686 /* Model.swift */ = {isa = PBXFileReference; lastKnownFileType = sourcecode.swift; path = Model.swift; sourceTree = "<group>"; };
		9F846CA82BA501EF00992686 /* NetworkLayer.swift */ = {isa = PBXFileReference; lastKnownFileType = sourcecode.swift; path = NetworkLayer.swift; sourceTree = "<group>"; };
/* End PBXFileReference section */

/* Begin PBXFrameworksBuildPhase section */
		9F846C852BA4F0BC00992686 /* Frameworks */ = {
			isa = PBXFrameworksBuildPhase;
			buildActionMask = 2147483647;
			files = (
			);
			runOnlyForDeploymentPostprocessing = 0;
		};
/* End PBXFrameworksBuildPhase section */

/* Begin PBXGroup section */
		9F7011052BA6005D0082A606 /* Extensions */ = {
			isa = PBXGroup;
			children = (
				9F7011062BA600760082A606 /* Extensions.swift */,
			);
			path = Extensions;
			sourceTree = "<group>";
		};
		9F78AD792BA6F10C008CDDF3 /* App */ = {
			isa = PBXGroup;
			children = (
				9F846C8B2BA4F0BC00992686 /* AppDelegate.swift */,
				9F846C8D2BA4F0BC00992686 /* SceneDelegate.swift */,
			);
			path = App;
			sourceTree = "<group>";
		};
		9F78AD7A2BA6F11B008CDDF3 /* Resource */ = {
			isa = PBXGroup;
			children = (
				9F78AD872BA754F4008CDDF3 /* detail.png */,
				9F78AD862BA754F4008CDDF3 /* home.png */,
				9F846C942BA4F0BF00992686 /* Assets.xcassets */,
				9F846C962BA4F0BF00992686 /* LaunchScreen.storyboard */,
			);
			path = Resource;
			sourceTree = "<group>";
		};
		9F78AD7B2BA6F129008CDDF3 /* Source */ = {
			isa = PBXGroup;
			children = (
				9F7011052BA6005D0082A606 /* Extensions */,
				9F846CA12BA4F0E800992686 /* ViewModels */,
				9F846CA02BA4F0E200992686 /* View */,
				9F846C9F2BA4F0DB00992686 /* Model */,
			);
			path = Source;
			sourceTree = "<group>";
		};
		9F846C7F2BA4F0BC00992686 = {
			isa = PBXGroup;
			children = (
				9F846C8A2BA4F0BC00992686 /* MovieDB_2 */,
				9F846C892BA4F0BC00992686 /* Products */,
			);
			sourceTree = "<group>";
		};
		9F846C892BA4F0BC00992686 /* Products */ = {
			isa = PBXGroup;
			children = (
				9F846C882BA4F0BC00992686 /* MovieDB_2.app */,
			);
			name = Products;
			sourceTree = "<group>";
		};
		9F846C8A2BA4F0BC00992686 /* MovieDB_2 */ = {
			isa = PBXGroup;
			children = (
				9F78AD7B2BA6F129008CDDF3 /* Source */,
				9F78AD7A2BA6F11B008CDDF3 /* Resource */,
				9F78AD792BA6F10C008CDDF3 /* App */,
				9F846C992BA4F0BF00992686 /* Info.plist */,
			);
			path = MovieDB_2;
			sourceTree = "<group>";
		};
		9F846C9F2BA4F0DB00992686 /* Model */ = {
			isa = PBXGroup;
			children = (
				9F846CA62BA4FC2700992686 /* Model.swift */,
				9F846CA82BA501EF00992686 /* NetworkLayer.swift */,
			);
			path = Model;
			sourceTree = "<group>";
		};
		9F846CA02BA4F0E200992686 /* View */ = {
			isa = PBXGroup;
			children = (
				9F846CA22BA4F1FD00992686 /* HomeViewController.swift */,
				9F846CA32BA4F1FD00992686 /* HomeViewController.xib */,
				9F7011012BA5FC1A0082A606 /* TableViewCell.swift */,
				9F7011022BA5FC1A0082A606 /* TableViewCell.xib */,
				9F78AD7C2BA70053008CDDF3 /* DeatilViewController.swift */,
				9F78AD7D2BA70053008CDDF3 /* DeatilViewController.xib */,
			);
			path = View;
			sourceTree = "<group>";
		};
		9F846CA12BA4F0E800992686 /* ViewModels */ = {
			isa = PBXGroup;
			children = (
				9F7011082BA606120082A606 /* HomeViewModel.swift */,
			);
			path = ViewModels;
			sourceTree = "<group>";
		};
/* End PBXGroup section */

/* Begin PBXNativeTarget section */
		9F846C872BA4F0BC00992686 /* MovieDB_2 */ = {
			isa = PBXNativeTarget;
			buildConfigurationList = 9F846C9C2BA4F0BF00992686 /* Build configuration list for PBXNativeTarget "MovieDB_2" */;
			buildPhases = (
				9F846C842BA4F0BC00992686 /* Sources */,
				9F846C852BA4F0BC00992686 /* Frameworks */,
				9F846C862BA4F0BC00992686 /* Resources */,
			);
			buildRules = (
			);
			dependencies = (
			);
			name = MovieDB_2;
			productName = MovieDB_2;
			productReference = 9F846C882BA4F0BC00992686 /* MovieDB_2.app */;
			productType = "com.apple.product-type.application";
		};
/* End PBXNativeTarget section */

/* Begin PBXProject section */
		9F846C802BA4F0BC00992686 /* Project object */ = {
			isa = PBXProject;
			attributes = {
				BuildIndependentTargetsInParallel = 1;
				LastSwiftUpdateCheck = 1500;
				LastUpgradeCheck = 1500;
				TargetAttributes = {
					9F846C872BA4F0BC00992686 = {
						CreatedOnToolsVersion = 15.0.1;
					};
				};
			};
			buildConfigurationList = 9F846C832BA4F0BC00992686 /* Build configuration list for PBXProject "MovieDB_2" */;
			compatibilityVersion = "Xcode 14.0";
			developmentRegion = en;
			hasScannedForEncodings = 0;
			knownRegions = (
				en,
				Base,
			);
			mainGroup = 9F846C7F2BA4F0BC00992686;
			productRefGroup = 9F846C892BA4F0BC00992686 /* Products */;
			projectDirPath = "";
			projectRoot = "";
			targets = (
				9F846C872BA4F0BC00992686 /* MovieDB_2 */,
			);
		};
/* End PBXProject section */

/* Begin PBXResourcesBuildPhase section */
		9F846C862BA4F0BC00992686 /* Resources */ = {
			isa = PBXResourcesBuildPhase;
			buildActionMask = 2147483647;
			files = (
				9F846C982BA4F0BF00992686 /* LaunchScreen.storyboard in Resources */,
				9F7011042BA5FC1A0082A606 /* TableViewCell.xib in Resources */,
				9F78AD882BA754F4008CDDF3 /* home.png in Resources */,
				9F846C952BA4F0BF00992686 /* Assets.xcassets in Resources */,
				9F846CA52BA4F1FD00992686 /* HomeViewController.xib in Resources */,
				9F78AD892BA754F4008CDDF3 /* detail.png in Resources */,
				9F78AD7F2BA70053008CDDF3 /* DeatilViewController.xib in Resources */,
			);
			runOnlyForDeploymentPostprocessing = 0;
		};
/* End PBXResourcesBuildPhase section */

/* Begin PBXSourcesBuildPhase section */
		9F846C842BA4F0BC00992686 /* Sources */ = {
			isa = PBXSourcesBuildPhase;
			buildActionMask = 2147483647;
			files = (
				9F846C8C2BA4F0BC00992686 /* AppDelegate.swift in Sources */,
				9F846C8E2BA4F0BC00992686 /* SceneDelegate.swift in Sources */,
				9F846CA42BA4F1FD00992686 /* HomeViewController.swift in Sources */,
				9F7011092BA606120082A606 /* HomeViewModel.swift in Sources */,
				9F78AD7E2BA70053008CDDF3 /* DeatilViewController.swift in Sources */,
				9F7011032BA5FC1A0082A606 /* TableViewCell.swift in Sources */,
				9F846CA92BA501F000992686 /* NetworkLayer.swift in Sources */,
				9F846CA72BA4FC2700992686 /* Model.swift in Sources */,
				9F7011072BA600760082A606 /* Extensions.swift in Sources */,
			);
			runOnlyForDeploymentPostprocessing = 0;
		};
/* End PBXSourcesBuildPhase section */

/* Begin PBXVariantGroup section */
		9F846C962BA4F0BF00992686 /* LaunchScreen.storyboard */ = {
			isa = PBXVariantGroup;
			children = (
				9F846C972BA4F0BF00992686 /* Base */,
			);
			name = LaunchScreen.storyboard;
			sourceTree = "<group>";
		};
/* End PBXVariantGroup section */

/* Begin XCBuildConfiguration section */
		9F846C9A2BA4F0BF00992686 /* Debug */ = {
			isa = XCBuildConfiguration;
			buildSettings = {
				ALWAYS_SEARCH_USER_PATHS = NO;
				ASSETCATALOG_COMPILER_GENERATE_SWIFT_ASSET_SYMBOL_EXTENSIONS = YES;
				CLANG_ANALYZER_NONNULL = YES;
				CLANG_ANALYZER_NUMBER_OBJECT_CONVERSION = YES_AGGRESSIVE;
				CLANG_CXX_LANGUAGE_STANDARD = "gnu++20";
				CLANG_ENABLE_MODULES = YES;
				CLANG_ENABLE_OBJC_ARC = YES;
				CLANG_ENABLE_OBJC_WEAK = YES;
				CLANG_WARN_BLOCK_CAPTURE_AUTORELEASING = YES;
				CLANG_WARN_BOOL_CONVERSION = YES;
				CLANG_WARN_COMMA = YES;
				CLANG_WARN_CONSTANT_CONVERSION = YES;
				CLANG_WARN_DEPRECATED_OBJC_IMPLEMENTATIONS = YES;
				CLANG_WARN_DIRECT_OBJC_ISA_USAGE = YES_ERROR;
				CLANG_WARN_DOCUMENTATION_COMMENTS = YES;
				CLANG_WARN_EMPTY_BODY = YES;
				CLANG_WARN_ENUM_CONVERSION = YES;
				CLANG_WARN_INFINITE_RECURSION = YES;
				CLANG_WARN_INT_CONVERSION = YES;
				CLANG_WARN_NON_LITERAL_NULL_CONVERSION = YES;
				CLANG_WARN_OBJC_IMPLICIT_RETAIN_SELF = YES;
				CLANG_WARN_OBJC_LITERAL_CONVERSION = YES;
				CLANG_WARN_OBJC_ROOT_CLASS = YES_ERROR;
				CLANG_WARN_QUOTED_INCLUDE_IN_FRAMEWORK_HEADER = YES;
				CLANG_WARN_RANGE_LOOP_ANALYSIS = YES;
				CLANG_WARN_STRICT_PROTOTYPES = YES;
				CLANG_WARN_SUSPICIOUS_MOVE = YES;
				CLANG_WARN_UNGUARDED_AVAILABILITY = YES_AGGRESSIVE;
				CLANG_WARN_UNREACHABLE_CODE = YES;
				CLANG_WARN__DUPLICATE_METHOD_MATCH = YES;
				COPY_PHASE_STRIP = NO;
				DEBUG_INFORMATION_FORMAT = dwarf;
				ENABLE_STRICT_OBJC_MSGSEND = YES;
				ENABLE_TESTABILITY = YES;
				ENABLE_USER_SCRIPT_SANDBOXING = YES;
				GCC_C_LANGUAGE_STANDARD = gnu17;
				GCC_DYNAMIC_NO_PIC = NO;
				GCC_NO_COMMON_BLOCKS = YES;
				GCC_OPTIMIZATION_LEVEL = 0;
				GCC_PREPROCESSOR_DEFINITIONS = (
					"DEBUG=1",
					"$(inherited)",
				);
				GCC_WARN_64_TO_32_BIT_CONVERSION = YES;
				GCC_WARN_ABOUT_RETURN_TYPE = YES_ERROR;
				GCC_WARN_UNDECLARED_SELECTOR = YES;
				GCC_WARN_UNINITIALIZED_AUTOS = YES_AGGRESSIVE;
				GCC_WARN_UNUSED_FUNCTION = YES;
				GCC_WARN_UNUSED_VARIABLE = YES;
				IPHONEOS_DEPLOYMENT_TARGET = 17.0;
				LOCALIZATION_PREFERS_STRING_CATALOGS = YES;
				MTL_ENABLE_DEBUG_INFO = INCLUDE_SOURCE;
				MTL_FAST_MATH = YES;
				ONLY_ACTIVE_ARCH = YES;
				SDKROOT = iphoneos;
				SWIFT_ACTIVE_COMPILATION_CONDITIONS = "DEBUG $(inherited)";
				SWIFT_OPTIMIZATION_LEVEL = "-Onone";
			};
			name = Debug;
		};
		9F846C9B2BA4F0BF00992686 /* Release */ = {
			isa = XCBuildConfiguration;
			buildSettings = {
				ALWAYS_SEARCH_USER_PATHS = NO;
				ASSETCATALOG_COMPILER_GENERATE_SWIFT_ASSET_SYMBOL_EXTENSIONS = YES;
				CLANG_ANALYZER_NONNULL = YES;
				CLANG_ANALYZER_NUMBER_OBJECT_CONVERSION = YES_AGGRESSIVE;
				CLANG_CXX_LANGUAGE_STANDARD = "gnu++20";
				CLANG_ENABLE_MODULES = YES;
				CLANG_ENABLE_OBJC_ARC = YES;
				CLANG_ENABLE_OBJC_WEAK = YES;
				CLANG_WARN_BLOCK_CAPTURE_AUTORELEASING = YES;
				CLANG_WARN_BOOL_CONVERSION = YES;
				CLANG_WARN_COMMA = YES;
				CLANG_WARN_CONSTANT_CONVERSION = YES;
				CLANG_WARN_DEPRECATED_OBJC_IMPLEMENTATIONS = YES;
				CLANG_WARN_DIRECT_OBJC_ISA_USAGE = YES_ERROR;
				CLANG_WARN_DOCUMENTATION_COMMENTS = YES;
				CLANG_WARN_EMPTY_BODY = YES;
				CLANG_WARN_ENUM_CONVERSION = YES;
				CLANG_WARN_INFINITE_RECURSION = YES;
				CLANG_WARN_INT_CONVERSION = YES;
				CLANG_WARN_NON_LITERAL_NULL_CONVERSION = YES;
				CLANG_WARN_OBJC_IMPLICIT_RETAIN_SELF = YES;
				CLANG_WARN_OBJC_LITERAL_CONVERSION = YES;
				CLANG_WARN_OBJC_ROOT_CLASS = YES_ERROR;
				CLANG_WARN_QUOTED_INCLUDE_IN_FRAMEWORK_HEADER = YES;
				CLANG_WARN_RANGE_LOOP_ANALYSIS = YES;
				CLANG_WARN_STRICT_PROTOTYPES = YES;
				CLANG_WARN_SUSPICIOUS_MOVE = YES;
				CLANG_WARN_UNGUARDED_AVAILABILITY = YES_AGGRESSIVE;
				CLANG_WARN_UNREACHABLE_CODE = YES;
				CLANG_WARN__DUPLICATE_METHOD_MATCH = YES;
				COPY_PHASE_STRIP = NO;
				DEBUG_INFORMATION_FORMAT = "dwarf-with-dsym";
				ENABLE_NS_ASSERTIONS = NO;
				ENABLE_STRICT_OBJC_MSGSEND = YES;
				ENABLE_USER_SCRIPT_SANDBOXING = YES;
				GCC_C_LANGUAGE_STANDARD = gnu17;
				GCC_NO_COMMON_BLOCKS = YES;
				GCC_WARN_64_TO_32_BIT_CONVERSION = YES;
				GCC_WARN_ABOUT_RETURN_TYPE = YES_ERROR;
				GCC_WARN_UNDECLARED_SELECTOR = YES;
				GCC_WARN_UNINITIALIZED_AUTOS = YES_AGGRESSIVE;
				GCC_WARN_UNUSED_FUNCTION = YES;
				GCC_WARN_UNUSED_VARIABLE = YES;
				IPHONEOS_DEPLOYMENT_TARGET = 17.0;
				LOCALIZATION_PREFERS_STRING_CATALOGS = YES;
				MTL_ENABLE_DEBUG_INFO = NO;
				MTL_FAST_MATH = YES;
				SDKROOT = iphoneos;
				SWIFT_COMPILATION_MODE = wholemodule;
				VALIDATE_PRODUCT = YES;
			};
			name = Release;
		};
		9F846C9D2BA4F0BF00992686 /* Debug */ = {
			isa = XCBuildConfiguration;
			buildSettings = {
				ASSETCATALOG_COMPILER_APPICON_NAME = AppIcon;
				ASSETCATALOG_COMPILER_GLOBAL_ACCENT_COLOR_NAME = AccentColor;
				CODE_SIGN_STYLE = Automatic;
				CURRENT_PROJECT_VERSION = 1;
				DEVELOPMENT_TEAM = QKXUJ9425T;
				GENERATE_INFOPLIST_FILE = YES;
				INFOPLIST_FILE = MovieDB_2/Info.plist;
				INFOPLIST_KEY_CFBundleDisplayName = "";
				INFOPLIST_KEY_LSApplicationCategoryType = "";
				INFOPLIST_KEY_UIApplicationSupportsIndirectInputEvents = YES;
				INFOPLIST_KEY_UILaunchStoryboardName = LaunchScreen;
				INFOPLIST_KEY_UISupportedInterfaceOrientations_iPad = "UIInterfaceOrientationPortrait UIInterfaceOrientationPortraitUpsideDown UIInterfaceOrientationLandscapeLeft UIInterfaceOrientationLandscapeRight";
				INFOPLIST_KEY_UISupportedInterfaceOrientations_iPhone = "UIInterfaceOrientationPortrait UIInterfaceOrientationLandscapeLeft UIInterfaceOrientationLandscapeRight";
				LD_RUNPATH_SEARCH_PATHS = (
					"$(inherited)",
					"@executable_path/Frameworks",
				);
				MARKETING_VERSION = 1.0;
				PRODUCT_BUNDLE_IDENTIFIER = "com.alerodca.MovieDB-2";
				PRODUCT_NAME = "$(TARGET_NAME)";
				SWIFT_EMIT_LOC_STRINGS = YES;
				SWIFT_VERSION = 5.0;
				TARGETED_DEVICE_FAMILY = "1,2";
			};
			name = Debug;
		};
		9F846C9E2BA4F0BF00992686 /* Release */ = {
			isa = XCBuildConfiguration;
			buildSettings = {
				ASSETCATALOG_COMPILER_APPICON_NAME = AppIcon;
				ASSETCATALOG_COMPILER_GLOBAL_ACCENT_COLOR_NAME = AccentColor;
				CODE_SIGN_STYLE = Automatic;
				CURRENT_PROJECT_VERSION = 1;
				DEVELOPMENT_TEAM = QKXUJ9425T;
				GENERATE_INFOPLIST_FILE = YES;
				INFOPLIST_FILE = MovieDB_2/Info.plist;
				INFOPLIST_KEY_CFBundleDisplayName = "";
				INFOPLIST_KEY_LSApplicationCategoryType = "";
				INFOPLIST_KEY_UIApplicationSupportsIndirectInputEvents = YES;
				INFOPLIST_KEY_UILaunchStoryboardName = LaunchScreen;
				INFOPLIST_KEY_UISupportedInterfaceOrientations_iPad = "UIInterfaceOrientationPortrait UIInterfaceOrientationPortraitUpsideDown UIInterfaceOrientationLandscapeLeft UIInterfaceOrientationLandscapeRight";
				INFOPLIST_KEY_UISupportedInterfaceOrientations_iPhone = "UIInterfaceOrientationPortrait UIInterfaceOrientationLandscapeLeft UIInterfaceOrientationLandscapeRight";
				LD_RUNPATH_SEARCH_PATHS = (
					"$(inherited)",
					"@executable_path/Frameworks",
				);
				MARKETING_VERSION = 1.0;
				PRODUCT_BUNDLE_IDENTIFIER = "com.alerodca.MovieDB-2";
				PRODUCT_NAME = "$(TARGET_NAME)";
				SWIFT_EMIT_LOC_STRINGS = YES;
				SWIFT_VERSION = 5.0;
				TARGETED_DEVICE_FAMILY = "1,2";
			};
			name = Release;
		};
/* End XCBuildConfiguration section */

/* Begin XCConfigurationList section */
		9F846C832BA4F0BC00992686 /* Build configuration list for PBXProject "MovieDB_2" */ = {
			isa = XCConfigurationList;
			buildConfigurations = (
				9F846C9A2BA4F0BF00992686 /* Debug */,
				9F846C9B2BA4F0BF00992686 /* Release */,
			);
			defaultConfigurationIsVisible = 0;
			defaultConfigurationName = Release;
		};
		9F846C9C2BA4F0BF00992686 /* Build configuration list for PBXNativeTarget "MovieDB_2" */ = {
			isa = XCConfigurationList;
			buildConfigurations = (
				9F846C9D2BA4F0BF00992686 /* Debug */,
				9F846C9E2BA4F0BF00992686 /* Release */,
			);
			defaultConfigurationIsVisible = 0;
			defaultConfigurationName = Release;
		};
/* End XCConfigurationList section */
	};
	rootObject = 9F846C802BA4F0BC00992686 /* Project object */;
}
